// !$*UTF8*$!
{
	archiveVersion = 1;
	classes = {
	};
	objectVersion = 56;
	objects = {

/* Begin PBXBuildFile section */
		EA6FED892B2DE2AC00EA930F /* CryptoCurrencyApp.swift in Sources */ = {isa = PBXBuildFile; fileRef = EA6FED882B2DE2AC00EA930F /* CryptoCurrencyApp.swift */; };
		EA6FED8B2B2DE2AC00EA930F /* ContentView.swift in Sources */ = {isa = PBXBuildFile; fileRef = EA6FED8A2B2DE2AC00EA930F /* ContentView.swift */; };
		EA6FED8D2B2DE2AD00EA930F /* Assets.xcassets in Resources */ = {isa = PBXBuildFile; fileRef = EA6FED8C2B2DE2AD00EA930F /* Assets.xcassets */; };
		EA6FED902B2DE2AD00EA930F /* Preview Assets.xcassets in Resources */ = {isa = PBXBuildFile; fileRef = EA6FED8F2B2DE2AD00EA930F /* Preview Assets.xcassets */; };
		EA6FEDA12B2DE37000EA930F /* HomeView.swift in Sources */ = {isa = PBXBuildFile; fileRef = EA6FEDA02B2DE37000EA930F /* HomeView.swift */; };
		EA6FEDA52B2DE4EF00EA930F /* TopMoversView.swift in Sources */ = {isa = PBXBuildFile; fileRef = EA6FEDA42B2DE4EF00EA930F /* TopMoversView.swift */; };
		EA6FEDA72B2DE4F500EA930F /* TopMoversItemView.swift in Sources */ = {isa = PBXBuildFile; fileRef = EA6FEDA62B2DE4F500EA930F /* TopMoversItemView.swift */; };
		EADE57652B2DEC5A0071A4DB /* AllCoinsView.swift in Sources */ = {isa = PBXBuildFile; fileRef = EADE57642B2DEC5A0071A4DB /* AllCoinsView.swift */; };
		EADE57672B2DEC680071A4DB /* CoinRowView.swift in Sources */ = {isa = PBXBuildFile; fileRef = EADE57662B2DEC680071A4DB /* CoinRowView.swift */; };
		EADE57692B2DF0E80071A4DB /* HomeViewModel.swift in Sources */ = {isa = PBXBuildFile; fileRef = EADE57682B2DF0E80071A4DB /* HomeViewModel.swift */; };
		EADE576B2B2DF3980071A4DB /* Coin.swift in Sources */ = {isa = PBXBuildFile; fileRef = EADE576A2B2DF3980071A4DB /* Coin.swift */; };
/* End PBXBuildFile section */

/* Begin PBXFileReference section */
		EA6FED852B2DE2AC00EA930F /* CryptoCurrency.app */ = {isa = PBXFileReference; explicitFileType = wrapper.application; includeInIndex = 0; path = CryptoCurrency.app; sourceTree = BUILT_PRODUCTS_DIR; };
		EA6FED882B2DE2AC00EA930F /* CryptoCurrencyApp.swift */ = {isa = PBXFileReference; lastKnownFileType = sourcecode.swift; path = CryptoCurrencyApp.swift; sourceTree = "<group>"; };
		EA6FED8A2B2DE2AC00EA930F /* ContentView.swift */ = {isa = PBXFileReference; lastKnownFileType = sourcecode.swift; path = ContentView.swift; sourceTree = "<group>"; };
		EA6FED8C2B2DE2AD00EA930F /* Assets.xcassets */ = {isa = PBXFileReference; lastKnownFileType = folder.assetcatalog; path = Assets.xcassets; sourceTree = "<group>"; };
		EA6FED8F2B2DE2AD00EA930F /* Preview Assets.xcassets */ = {isa = PBXFileReference; lastKnownFileType = folder.assetcatalog; path = "Preview Assets.xcassets"; sourceTree = "<group>"; };
		EA6FEDA02B2DE37000EA930F /* HomeView.swift */ = {isa = PBXFileReference; lastKnownFileType = sourcecode.swift; path = HomeView.swift; sourceTree = "<group>"; };
		EA6FEDA42B2DE4EF00EA930F /* TopMoversView.swift */ = {isa = PBXFileReference; lastKnownFileType = sourcecode.swift; path = TopMoversView.swift; sourceTree = "<group>"; };
		EA6FEDA62B2DE4F500EA930F /* TopMoversItemView.swift */ = {isa = PBXFileReference; lastKnownFileType = sourcecode.swift; path = TopMoversItemView.swift; sourceTree = "<group>"; };
		EADE57642B2DEC5A0071A4DB /* AllCoinsView.swift */ = {isa = PBXFileReference; lastKnownFileType = sourcecode.swift; path = AllCoinsView.swift; sourceTree = "<group>"; };
		EADE57662B2DEC680071A4DB /* CoinRowView.swift */ = {isa = PBXFileReference; lastKnownFileType = sourcecode.swift; path = CoinRowView.swift; sourceTree = "<group>"; };
		EADE57682B2DF0E80071A4DB /* HomeViewModel.swift */ = {isa = PBXFileReference; lastKnownFileType = sourcecode.swift; path = HomeViewModel.swift; sourceTree = "<group>"; };
		EADE576A2B2DF3980071A4DB /* Coin.swift */ = {isa = PBXFileReference; lastKnownFileType = sourcecode.swift; path = Coin.swift; sourceTree = "<group>"; };
/* End PBXFileReference section */

/* Begin PBXFrameworksBuildPhase section */
		EA6FED822B2DE2AB00EA930F /* Frameworks */ = {
			isa = PBXFrameworksBuildPhase;
			buildActionMask = 2147483647;
			files = (
			);
			runOnlyForDeploymentPostprocessing = 0;
		};
/* End PBXFrameworksBuildPhase section */

/* Begin PBXGroup section */
		EA6FED7C2B2DE2AB00EA930F = {
			isa = PBXGroup;
			children = (
				EA6FED872B2DE2AC00EA930F /* CryptoCurrency */,
				EA6FED862B2DE2AC00EA930F /* Products */,
			);
			sourceTree = "<group>";
		};
		EA6FED862B2DE2AC00EA930F /* Products */ = {
			isa = PBXGroup;
			children = (
				EA6FED852B2DE2AC00EA930F /* CryptoCurrency.app */,
			);
			name = Products;
			sourceTree = "<group>";
		};
		EA6FED872B2DE2AC00EA930F /* CryptoCurrency */ = {
			isa = PBXGroup;
			children = (
				EA6FED9B2B2DE2FD00EA930F /* Utils */,
				EA6FED9A2B2DE2FB00EA930F /* Extensions */,
				EA6FED982B2DE2F100EA930F /* Models */,
				EA6FED972B2DE2F000EA930F /* Core */,
				EA6FED962B2DE2EF00EA930F /* App */,
				EA6FED8A2B2DE2AC00EA930F /* ContentView.swift */,
				EA6FED8C2B2DE2AD00EA930F /* Assets.xcassets */,
				EA6FED8E2B2DE2AD00EA930F /* Preview Content */,
			);
			path = CryptoCurrency;
			sourceTree = "<group>";
		};
		EA6FED8E2B2DE2AD00EA930F /* Preview Content */ = {
			isa = PBXGroup;
			children = (
				EA6FED8F2B2DE2AD00EA930F /* Preview Assets.xcassets */,
			);
			path = "Preview Content";
			sourceTree = "<group>";
		};
		EA6FED962B2DE2EF00EA930F /* App */ = {
			isa = PBXGroup;
			children = (
				EA6FED882B2DE2AC00EA930F /* CryptoCurrencyApp.swift */,
			);
			path = App;
			sourceTree = "<group>";
		};
		EA6FED972B2DE2F000EA930F /* Core */ = {
			isa = PBXGroup;
			children = (
				EA6FED9C2B2DE31C00EA930F /* Home */,
			);
			path = Core;
			sourceTree = "<group>";
		};
		EA6FED982B2DE2F100EA930F /* Models */ = {
			isa = PBXGroup;
			children = (
				EADE576A2B2DF3980071A4DB /* Coin.swift */,
			);
			name = Models;
			sourceTree = "<group>";
		};
		EA6FED9A2B2DE2FB00EA930F /* Extensions */ = {
			isa = PBXGroup;
			children = (
			);
			path = Extensions;
			sourceTree = "<group>";
		};
		EA6FED9B2B2DE2FD00EA930F /* Utils */ = {
			isa = PBXGroup;
			children = (
			);
			path = Utils;
			sourceTree = "<group>";
		};
		EA6FED9C2B2DE31C00EA930F /* Home */ = {
			isa = PBXGroup;
			children = (
				EA6FED9E2B2DE35E00EA930F /* ViewModels */,
				EA6FED9D2B2DE35700EA930F /* Views */,
			);
			path = Home;
			sourceTree = "<group>";
		};
		EA6FED9D2B2DE35700EA930F /* Views */ = {
			isa = PBXGroup;
			children = (
				EA6FEDA02B2DE37000EA930F /* HomeView.swift */,
				EA6FEDA42B2DE4EF00EA930F /* TopMoversView.swift */,
				EA6FEDA62B2DE4F500EA930F /* TopMoversItemView.swift */,
				EADE57642B2DEC5A0071A4DB /* AllCoinsView.swift */,
				EADE57662B2DEC680071A4DB /* CoinRowView.swift */,
			);
			path = Views;
			sourceTree = "<group>";
		};
		EA6FED9E2B2DE35E00EA930F /* ViewModels */ = {
			isa = PBXGroup;
			children = (
				EADE57682B2DF0E80071A4DB /* HomeViewModel.swift */,
			);
			path = ViewModels;
			sourceTree = "<group>";
		};
/* End PBXGroup section */

/* Begin PBXNativeTarget section */
		EA6FED842B2DE2AB00EA930F /* CryptoCurrency */ = {
			isa = PBXNativeTarget;
			buildConfigurationList = EA6FED932B2DE2AD00EA930F /* Build configuration list for PBXNativeTarget "CryptoCurrency" */;
			buildPhases = (
				EA6FED812B2DE2AB00EA930F /* Sources */,
				EA6FED822B2DE2AB00EA930F /* Frameworks */,
				EA6FED832B2DE2AB00EA930F /* Resources */,
			);
			buildRules = (
			);
			dependencies = (
			);
			name = CryptoCurrency;
			productName = CryptoCurrency;
			productReference = EA6FED852B2DE2AC00EA930F /* CryptoCurrency.app */;
			productType = "com.apple.product-type.application";
		};
/* End PBXNativeTarget section */

/* Begin PBXProject section */
		EA6FED7D2B2DE2AB00EA930F /* Project object */ = {
			isa = PBXProject;
			attributes = {
				BuildIndependentTargetsInParallel = 1;
				LastSwiftUpdateCheck = 1500;
				LastUpgradeCheck = 1500;
				TargetAttributes = {
					EA6FED842B2DE2AB00EA930F = {
						CreatedOnToolsVersion = 15.0.1;
					};
				};
			};
			buildConfigurationList = EA6FED802B2DE2AB00EA930F /* Build configuration list for PBXProject "CryptoCurrency" */;
			compatibilityVersion = "Xcode 14.0";
			developmentRegion = en;
			hasScannedForEncodings = 0;
			knownRegions = (
				en,
				Base,
			);
			mainGroup = EA6FED7C2B2DE2AB00EA930F;
			productRefGroup = EA6FED862B2DE2AC00EA930F /* Products */;
			projectDirPath = "";
			projectRoot = "";
			targets = (
				EA6FED842B2DE2AB00EA930F /* CryptoCurrency */,
			);
		};
/* End PBXProject section */

/* Begin PBXResourcesBuildPhase section */
		EA6FED832B2DE2AB00EA930F /* Resources */ = {
			isa = PBXResourcesBuildPhase;
			buildActionMask = 2147483647;
			files = (
				EA6FED902B2DE2AD00EA930F /* Preview Assets.xcassets in Resources */,
				EA6FED8D2B2DE2AD00EA930F /* Assets.xcassets in Resources */,
			);
			runOnlyForDeploymentPostprocessing = 0;
		};
/* End PBXResourcesBuildPhase section */

/* Begin PBXSourcesBuildPhase section */
		EA6FED812B2DE2AB00EA930F /* Sources */ = {
			isa = PBXSourcesBuildPhase;
			buildActionMask = 2147483647;
			files = (
				EADE576B2B2DF3980071A4DB /* Coin.swift in Sources */,
				EA6FEDA52B2DE4EF00EA930F /* TopMoversView.swift in Sources */,
				EADE57652B2DEC5A0071A4DB /* AllCoinsView.swift in Sources */,
				EA6FEDA12B2DE37000EA930F /* HomeView.swift in Sources */,
				EADE57692B2DF0E80071A4DB /* HomeViewModel.swift in Sources */,
				EA6FED8B2B2DE2AC00EA930F /* ContentView.swift in Sources */,
				EA6FED892B2DE2AC00EA930F /* CryptoCurrencyApp.swift in Sources */,
				EADE57672B2DEC680071A4DB /* CoinRowView.swift in Sources */,
				EA6FEDA72B2DE4F500EA930F /* TopMoversItemView.swift in Sources */,
			);
			runOnlyForDeploymentPostprocessing = 0;
		};
/* End PBXSourcesBuildPhase section */

/* Begin XCBuildConfiguration section */
		EA6FED912B2DE2AD00EA930F /* Debug */ = {
			isa = XCBuildConfiguration;
			buildSettings = {
				ALWAYS_SEARCH_USER_PATHS = NO;
				ASSETCATALOG_COMPILER_GENERATE_SWIFT_ASSET_SYMBOL_EXTENSIONS = YES;
				CLANG_ANALYZER_NONNULL = YES;
				CLANG_ANALYZER_NUMBER_OBJECT_CONVERSION = YES_AGGRESSIVE;
				CLANG_CXX_LANGUAGE_STANDARD = "gnu++20";
				CLANG_ENABLE_MODULES = YES;
				CLANG_ENABLE_OBJC_ARC = YES;
				CLANG_ENABLE_OBJC_WEAK = YES;
				CLANG_WARN_BLOCK_CAPTURE_AUTORELEASING = YES;
				CLANG_WARN_BOOL_CONVERSION = YES;
				CLANG_WARN_COMMA = YES;
				CLANG_WARN_CONSTANT_CONVERSION = YES;
				CLANG_WARN_DEPRECATED_OBJC_IMPLEMENTATIONS = YES;
				CLANG_WARN_DIRECT_OBJC_ISA_USAGE = YES_ERROR;
				CLANG_WARN_DOCUMENTATION_COMMENTS = YES;
				CLANG_WARN_EMPTY_BODY = YES;
				CLANG_WARN_ENUM_CONVERSION = YES;
				CLANG_WARN_INFINITE_RECURSION = YES;
				CLANG_WARN_INT_CONVERSION = YES;
				CLANG_WARN_NON_LITERAL_NULL_CONVERSION = YES;
				CLANG_WARN_OBJC_IMPLICIT_RETAIN_SELF = YES;
				CLANG_WARN_OBJC_LITERAL_CONVERSION = YES;
				CLANG_WARN_OBJC_ROOT_CLASS = YES_ERROR;
				CLANG_WARN_QUOTED_INCLUDE_IN_FRAMEWORK_HEADER = YES;
				CLANG_WARN_RANGE_LOOP_ANALYSIS = YES;
				CLANG_WARN_STRICT_PROTOTYPES = YES;
				CLANG_WARN_SUSPICIOUS_MOVE = YES;
				CLANG_WARN_UNGUARDED_AVAILABILITY = YES_AGGRESSIVE;
				CLANG_WARN_UNREACHABLE_CODE = YES;
				CLANG_WARN__DUPLICATE_METHOD_MATCH = YES;
				COPY_PHASE_STRIP = NO;
				DEBUG_INFORMATION_FORMAT = dwarf;
				ENABLE_STRICT_OBJC_MSGSEND = YES;
				ENABLE_TESTABILITY = YES;
				ENABLE_USER_SCRIPT_SANDBOXING = YES;
				GCC_C_LANGUAGE_STANDARD = gnu17;
				GCC_DYNAMIC_NO_PIC = NO;
				GCC_NO_COMMON_BLOCKS = YES;
				GCC_OPTIMIZATION_LEVEL = 0;
				GCC_PREPROCESSOR_DEFINITIONS = (
					"DEBUG=1",
					"$(inherited)",
				);
				GCC_WARN_64_TO_32_BIT_CONVERSION = YES;
				GCC_WARN_ABOUT_RETURN_TYPE = YES_ERROR;
				GCC_WARN_UNDECLARED_SELECTOR = YES;
				GCC_WARN_UNINITIALIZED_AUTOS = YES_AGGRESSIVE;
				GCC_WARN_UNUSED_FUNCTION = YES;
				GCC_WARN_UNUSED_VARIABLE = YES;
				IPHONEOS_DEPLOYMENT_TARGET = 17.0;
				LOCALIZATION_PREFERS_STRING_CATALOGS = YES;
				MTL_ENABLE_DEBUG_INFO = INCLUDE_SOURCE;
				MTL_FAST_MATH = YES;
				ONLY_ACTIVE_ARCH = YES;
				SDKROOT = iphoneos;
				SWIFT_ACTIVE_COMPILATION_CONDITIONS = "DEBUG $(inherited)";
				SWIFT_OPTIMIZATION_LEVEL = "-Onone";
			};
			name = Debug;
		};
		EA6FED922B2DE2AD00EA930F /* Release */ = {
			isa = XCBuildConfiguration;
			buildSettings = {
				ALWAYS_SEARCH_USER_PATHS = NO;
				ASSETCATALOG_COMPILER_GENERATE_SWIFT_ASSET_SYMBOL_EXTENSIONS = YES;
				CLANG_ANALYZER_NONNULL = YES;
				CLANG_ANALYZER_NUMBER_OBJECT_CONVERSION = YES_AGGRESSIVE;
				CLANG_CXX_LANGUAGE_STANDARD = "gnu++20";
				CLANG_ENABLE_MODULES = YES;
				CLANG_ENABLE_OBJC_ARC = YES;
				CLANG_ENABLE_OBJC_WEAK = YES;
				CLANG_WARN_BLOCK_CAPTURE_AUTORELEASING = YES;
				CLANG_WARN_BOOL_CONVERSION = YES;
				CLANG_WARN_COMMA = YES;
				CLANG_WARN_CONSTANT_CONVERSION = YES;
				CLANG_WARN_DEPRECATED_OBJC_IMPLEMENTATIONS = YES;
				CLANG_WARN_DIRECT_OBJC_ISA_USAGE = YES_ERROR;
				CLANG_WARN_DOCUMENTATION_COMMENTS = YES;
				CLANG_WARN_EMPTY_BODY = YES;
				CLANG_WARN_ENUM_CONVERSION = YES;
				CLANG_WARN_INFINITE_RECURSION = YES;
				CLANG_WARN_INT_CONVERSION = YES;
				CLANG_WARN_NON_LITERAL_NULL_CONVERSION = YES;
				CLANG_WARN_OBJC_IMPLICIT_RETAIN_SELF = YES;
				CLANG_WARN_OBJC_LITERAL_CONVERSION = YES;
				CLANG_WARN_OBJC_ROOT_CLASS = YES_ERROR;
				CLANG_WARN_QUOTED_INCLUDE_IN_FRAMEWORK_HEADER = YES;
				CLANG_WARN_RANGE_LOOP_ANALYSIS = YES;
				CLANG_WARN_STRICT_PROTOTYPES = YES;
				CLANG_WARN_SUSPICIOUS_MOVE = YES;
				CLANG_WARN_UNGUARDED_AVAILABILITY = YES_AGGRESSIVE;
				CLANG_WARN_UNREACHABLE_CODE = YES;
				CLANG_WARN__DUPLICATE_METHOD_MATCH = YES;
				COPY_PHASE_STRIP = NO;
				DEBUG_INFORMATION_FORMAT = "dwarf-with-dsym";
				ENABLE_NS_ASSERTIONS = NO;
				ENABLE_STRICT_OBJC_MSGSEND = YES;
				ENABLE_USER_SCRIPT_SANDBOXING = YES;
				GCC_C_LANGUAGE_STANDARD = gnu17;
				GCC_NO_COMMON_BLOCKS = YES;
				GCC_WARN_64_TO_32_BIT_CONVERSION = YES;
				GCC_WARN_ABOUT_RETURN_TYPE = YES_ERROR;
				GCC_WARN_UNDECLARED_SELECTOR = YES;
				GCC_WARN_UNINITIALIZED_AUTOS = YES_AGGRESSIVE;
				GCC_WARN_UNUSED_FUNCTION = YES;
				GCC_WARN_UNUSED_VARIABLE = YES;
				IPHONEOS_DEPLOYMENT_TARGET = 17.0;
				LOCALIZATION_PREFERS_STRING_CATALOGS = YES;
				MTL_ENABLE_DEBUG_INFO = NO;
				MTL_FAST_MATH = YES;
				SDKROOT = iphoneos;
				SWIFT_COMPILATION_MODE = wholemodule;
				VALIDATE_PRODUCT = YES;
			};
			name = Release;
		};
		EA6FED942B2DE2AD00EA930F /* Debug */ = {
			isa = XCBuildConfiguration;
			buildSettings = {
				ASSETCATALOG_COMPILER_APPICON_NAME = AppIcon;
				ASSETCATALOG_COMPILER_GLOBAL_ACCENT_COLOR_NAME = AccentColor;
				CODE_SIGN_STYLE = Automatic;
				CURRENT_PROJECT_VERSION = 1;
				DEVELOPMENT_ASSET_PATHS = "\"CryptoCurrency/Preview Content\"";
				DEVELOPMENT_TEAM = AGM86K5294;
				ENABLE_PREVIEWS = YES;
				GENERATE_INFOPLIST_FILE = YES;
				INFOPLIST_KEY_UIApplicationSceneManifest_Generation = YES;
				INFOPLIST_KEY_UIApplicationSupportsIndirectInputEvents = YES;
				INFOPLIST_KEY_UILaunchScreen_Generation = YES;
				INFOPLIST_KEY_UISupportedInterfaceOrientations_iPad = "UIInterfaceOrientationPortrait UIInterfaceOrientationPortraitUpsideDown UIInterfaceOrientationLandscapeLeft UIInterfaceOrientationLandscapeRight";
				INFOPLIST_KEY_UISupportedInterfaceOrientations_iPhone = "UIInterfaceOrientationPortrait UIInterfaceOrientationLandscapeLeft UIInterfaceOrientationLandscapeRight";
				LD_RUNPATH_SEARCH_PATHS = (
					"$(inherited)",
					"@executable_path/Frameworks",
				);
				MARKETING_VERSION = 1.0;
				PRODUCT_BUNDLE_IDENTIFIER = me.ghunaim.yazan.CryptoCurrency;
				PRODUCT_NAME = "$(TARGET_NAME)";
				SWIFT_EMIT_LOC_STRINGS = YES;
				SWIFT_VERSION = 5.0;
				TARGETED_DEVICE_FAMILY = "1,2";
			};
			name = Debug;
		};
		EA6FED952B2DE2AD00EA930F /* Release */ = {
			isa = XCBuildConfiguration;
			buildSettings = {
				ASSETCATALOG_COMPILER_APPICON_NAME = AppIcon;
				ASSETCATALOG_COMPILER_GLOBAL_ACCENT_COLOR_NAME = AccentColor;
				CODE_SIGN_STYLE = Automatic;
				CURRENT_PROJECT_VERSION = 1;
				DEVELOPMENT_ASSET_PATHS = "\"CryptoCurrency/Preview Content\"";
				DEVELOPMENT_TEAM = AGM86K5294;
				ENABLE_PREVIEWS = YES;
				GENERATE_INFOPLIST_FILE = YES;
				INFOPLIST_KEY_UIApplicationSceneManifest_Generation = YES;
				INFOPLIST_KEY_UIApplicationSupportsIndirectInputEvents = YES;
				INFOPLIST_KEY_UILaunchScreen_Generation = YES;
				INFOPLIST_KEY_UISupportedInterfaceOrientations_iPad = "UIInterfaceOrientationPortrait UIInterfaceOrientationPortraitUpsideDown UIInterfaceOrientationLandscapeLeft UIInterfaceOrientationLandscapeRight";
				INFOPLIST_KEY_UISupportedInterfaceOrientations_iPhone = "UIInterfaceOrientationPortrait UIInterfaceOrientationLandscapeLeft UIInterfaceOrientationLandscapeRight";
				LD_RUNPATH_SEARCH_PATHS = (
					"$(inherited)",
					"@executable_path/Frameworks",
				);
				MARKETING_VERSION = 1.0;
				PRODUCT_BUNDLE_IDENTIFIER = me.ghunaim.yazan.CryptoCurrency;
				PRODUCT_NAME = "$(TARGET_NAME)";
				SWIFT_EMIT_LOC_STRINGS = YES;
				SWIFT_VERSION = 5.0;
				TARGETED_DEVICE_FAMILY = "1,2";
			};
			name = Release;
		};
/* End XCBuildConfiguration section */

/* Begin XCConfigurationList section */
		EA6FED802B2DE2AB00EA930F /* Build configuration list for PBXProject "CryptoCurrency" */ = {
			isa = XCConfigurationList;
			buildConfigurations = (
				EA6FED912B2DE2AD00EA930F /* Debug */,
				EA6FED922B2DE2AD00EA930F /* Release */,
			);
			defaultConfigurationIsVisible = 0;
			defaultConfigurationName = Release;
		};
		EA6FED932B2DE2AD00EA930F /* Build configuration list for PBXNativeTarget "CryptoCurrency" */ = {
			isa = XCConfigurationList;
			buildConfigurations = (
				EA6FED942B2DE2AD00EA930F /* Debug */,
				EA6FED952B2DE2AD00EA930F /* Release */,
			);
			defaultConfigurationIsVisible = 0;
			defaultConfigurationName = Release;
		};
/* End XCConfigurationList section */
	};
	rootObject = EA6FED7D2B2DE2AB00EA930F /* Project object */;
}
