// !$*UTF8*$!
{
	archiveVersion = 1;
	classes = {
	};
	objectVersion = 56;
	objects = {

/* Begin PBXBuildFile section */
		EA5D80A12A7BCAF900E797B8 /* MoonShotApp.swift in Sources */ = {isa = PBXBuildFile; fileRef = EA5D80A02A7BCAF900E797B8 /* MoonShotApp.swift */; };
		EA5D80A32A7BCAF900E797B8 /* ContentView.swift in Sources */ = {isa = PBXBuildFile; fileRef = EA5D80A22A7BCAF900E797B8 /* ContentView.swift */; };
		EA5D80A52A7BCAFA00E797B8 /* Assets.xcassets in Resources */ = {isa = PBXBuildFile; fileRef = EA5D80A42A7BCAFA00E797B8 /* Assets.xcassets */; };
		EA5D80A82A7BCAFA00E797B8 /* Preview Assets.xcassets in Resources */ = {isa = PBXBuildFile; fileRef = EA5D80A72A7BCAFA00E797B8 /* Preview Assets.xcassets */; };
		EA5D80B02A7BCB1300E797B8 /* astronauts.json in Resources */ = {isa = PBXBuildFile; fileRef = EA5D80AE2A7BCB1300E797B8 /* astronauts.json */; };
		EA5D80B12A7BCB1300E797B8 /* missions.json in Resources */ = {isa = PBXBuildFile; fileRef = EA5D80AF2A7BCB1300E797B8 /* missions.json */; };
		EA5D80B32A7BCB8E00E797B8 /* Astronaut.swift in Sources */ = {isa = PBXBuildFile; fileRef = EA5D80B22A7BCB8E00E797B8 /* Astronaut.swift */; };
		EA5D80B52A7BCC2800E797B8 /* Bundle-Decodable.swift in Sources */ = {isa = PBXBuildFile; fileRef = EA5D80B42A7BCC2800E797B8 /* Bundle-Decodable.swift */; };
		EA5D80B72A7BD35800E797B8 /* Mission.swift in Sources */ = {isa = PBXBuildFile; fileRef = EA5D80B62A7BD35800E797B8 /* Mission.swift */; };
		EA6537C12A7D0F0200ACD99E /* MissionView.swift in Sources */ = {isa = PBXBuildFile; fileRef = EA6537C02A7D0F0200ACD99E /* MissionView.swift */; };
		EA6537C32A7D16B100ACD99E /* AstronautView.swift in Sources */ = {isa = PBXBuildFile; fileRef = EA6537C22A7D16B100ACD99E /* AstronautView.swift */; };
		EA94B24A2A86A7D8008DF74E /* CrewPics.swift in Sources */ = {isa = PBXBuildFile; fileRef = EA94B2492A86A7D8008DF74E /* CrewPics.swift */; };
		EA94B24C2A86A895008DF74E /* CrewMember.swift in Sources */ = {isa = PBXBuildFile; fileRef = EA94B24B2A86A895008DF74E /* CrewMember.swift */; };
		EA94B24E2A86ACD2008DF74E /* ListLayout.swift in Sources */ = {isa = PBXBuildFile; fileRef = EA94B24D2A86ACD2008DF74E /* ListLayout.swift */; };
		EA94B2502A86AD0F008DF74E /* GridLayout.swift in Sources */ = {isa = PBXBuildFile; fileRef = EA94B24F2A86AD0F008DF74E /* GridLayout.swift */; };
		EAA6AD742A7BE1DE00AB53E3 /* Color-Theme.swift in Sources */ = {isa = PBXBuildFile; fileRef = EAA6AD732A7BE1DE00AB53E3 /* Color-Theme.swift */; };
/* End PBXBuildFile section */

/* Begin PBXFileReference section */
		EA5D809D2A7BCAF900E797B8 /* MoonShot.app */ = {isa = PBXFileReference; explicitFileType = wrapper.application; includeInIndex = 0; path = MoonShot.app; sourceTree = BUILT_PRODUCTS_DIR; };
		EA5D80A02A7BCAF900E797B8 /* MoonShotApp.swift */ = {isa = PBXFileReference; lastKnownFileType = sourcecode.swift; path = MoonShotApp.swift; sourceTree = "<group>"; };
		EA5D80A22A7BCAF900E797B8 /* ContentView.swift */ = {isa = PBXFileReference; lastKnownFileType = sourcecode.swift; path = ContentView.swift; sourceTree = "<group>"; };
		EA5D80A42A7BCAFA00E797B8 /* Assets.xcassets */ = {isa = PBXFileReference; lastKnownFileType = folder.assetcatalog; path = Assets.xcassets; sourceTree = "<group>"; };
		EA5D80A72A7BCAFA00E797B8 /* Preview Assets.xcassets */ = {isa = PBXFileReference; lastKnownFileType = folder.assetcatalog; path = "Preview Assets.xcassets"; sourceTree = "<group>"; };
		EA5D80AE2A7BCB1300E797B8 /* astronauts.json */ = {isa = PBXFileReference; fileEncoding = 4; lastKnownFileType = text.json; path = astronauts.json; sourceTree = "<group>"; };
		EA5D80AF2A7BCB1300E797B8 /* missions.json */ = {isa = PBXFileReference; fileEncoding = 4; lastKnownFileType = text.json; path = missions.json; sourceTree = "<group>"; };
		EA5D80B22A7BCB8E00E797B8 /* Astronaut.swift */ = {isa = PBXFileReference; lastKnownFileType = sourcecode.swift; path = Astronaut.swift; sourceTree = "<group>"; };
		EA5D80B42A7BCC2800E797B8 /* Bundle-Decodable.swift */ = {isa = PBXFileReference; lastKnownFileType = sourcecode.swift; path = "Bundle-Decodable.swift"; sourceTree = "<group>"; };
		EA5D80B62A7BD35800E797B8 /* Mission.swift */ = {isa = PBXFileReference; lastKnownFileType = sourcecode.swift; path = Mission.swift; sourceTree = "<group>"; };
		EA6537C02A7D0F0200ACD99E /* MissionView.swift */ = {isa = PBXFileReference; lastKnownFileType = sourcecode.swift; path = MissionView.swift; sourceTree = "<group>"; };
		EA6537C22A7D16B100ACD99E /* AstronautView.swift */ = {isa = PBXFileReference; lastKnownFileType = sourcecode.swift; path = AstronautView.swift; sourceTree = "<group>"; };
		EA94B2492A86A7D8008DF74E /* CrewPics.swift */ = {isa = PBXFileReference; lastKnownFileType = sourcecode.swift; path = CrewPics.swift; sourceTree = "<group>"; };
		EA94B24B2A86A895008DF74E /* CrewMember.swift */ = {isa = PBXFileReference; lastKnownFileType = sourcecode.swift; path = CrewMember.swift; sourceTree = "<group>"; };
		EA94B24D2A86ACD2008DF74E /* ListLayout.swift */ = {isa = PBXFileReference; lastKnownFileType = sourcecode.swift; path = ListLayout.swift; sourceTree = "<group>"; };
		EA94B24F2A86AD0F008DF74E /* GridLayout.swift */ = {isa = PBXFileReference; lastKnownFileType = sourcecode.swift; path = GridLayout.swift; sourceTree = "<group>"; };
		EAA6AD732A7BE1DE00AB53E3 /* Color-Theme.swift */ = {isa = PBXFileReference; lastKnownFileType = sourcecode.swift; path = "Color-Theme.swift"; sourceTree = "<group>"; };
/* End PBXFileReference section */

/* Begin PBXFrameworksBuildPhase section */
		EA5D809A2A7BCAF900E797B8 /* Frameworks */ = {
			isa = PBXFrameworksBuildPhase;
			buildActionMask = 2147483647;
			files = (
			);
			runOnlyForDeploymentPostprocessing = 0;
		};
/* End PBXFrameworksBuildPhase section */

/* Begin PBXGroup section */
		EA5D80942A7BCAF900E797B8 = {
			isa = PBXGroup;
			children = (
				EA5D809F2A7BCAF900E797B8 /* MoonShot */,
				EA5D809E2A7BCAF900E797B8 /* Products */,
			);
			sourceTree = "<group>";
		};
		EA5D809E2A7BCAF900E797B8 /* Products */ = {
			isa = PBXGroup;
			children = (
				EA5D809D2A7BCAF900E797B8 /* MoonShot.app */,
			);
			name = Products;
			sourceTree = "<group>";
		};
		EA5D809F2A7BCAF900E797B8 /* MoonShot */ = {
			isa = PBXGroup;
			children = (
				EA5D80A02A7BCAF900E797B8 /* MoonShotApp.swift */,
				EA5D80A22A7BCAF900E797B8 /* ContentView.swift */,
				EA94B24D2A86ACD2008DF74E /* ListLayout.swift */,
				EA94B24F2A86AD0F008DF74E /* GridLayout.swift */,
				EA5D80B22A7BCB8E00E797B8 /* Astronaut.swift */,
				EA5D80B62A7BD35800E797B8 /* Mission.swift */,
				EA94B24B2A86A895008DF74E /* CrewMember.swift */,
				EAA6AD732A7BE1DE00AB53E3 /* Color-Theme.swift */,
				EA5D80B42A7BCC2800E797B8 /* Bundle-Decodable.swift */,
				EA6537C02A7D0F0200ACD99E /* MissionView.swift */,
				EA94B2492A86A7D8008DF74E /* CrewPics.swift */,
				EA6537C22A7D16B100ACD99E /* AstronautView.swift */,
				EA5D80AE2A7BCB1300E797B8 /* astronauts.json */,
				EA5D80AF2A7BCB1300E797B8 /* missions.json */,
				EA5D80A42A7BCAFA00E797B8 /* Assets.xcassets */,
				EA5D80A62A7BCAFA00E797B8 /* Preview Content */,
			);
			path = MoonShot;
			sourceTree = "<group>";
		};
		EA5D80A62A7BCAFA00E797B8 /* Preview Content */ = {
			isa = PBXGroup;
			children = (
				EA5D80A72A7BCAFA00E797B8 /* Preview Assets.xcassets */,
			);
			path = "Preview Content";
			sourceTree = "<group>";
		};
/* End PBXGroup section */

/* Begin PBXNativeTarget section */
		EA5D809C2A7BCAF900E797B8 /* MoonShot */ = {
			isa = PBXNativeTarget;
			buildConfigurationList = EA5D80AB2A7BCAFA00E797B8 /* Build configuration list for PBXNativeTarget "MoonShot" */;
			buildPhases = (
				EA5D80992A7BCAF900E797B8 /* Sources */,
				EA5D809A2A7BCAF900E797B8 /* Frameworks */,
				EA5D809B2A7BCAF900E797B8 /* Resources */,
			);
			buildRules = (
			);
			dependencies = (
			);
			name = MoonShot;
			productName = MoonShot;
			productReference = EA5D809D2A7BCAF900E797B8 /* MoonShot.app */;
			productType = "com.apple.product-type.application";
		};
/* End PBXNativeTarget section */

/* Begin PBXProject section */
		EA5D80952A7BCAF900E797B8 /* Project object */ = {
			isa = PBXProject;
			attributes = {
				BuildIndependentTargetsInParallel = 1;
				LastSwiftUpdateCheck = 1430;
				LastUpgradeCheck = 1430;
				TargetAttributes = {
					EA5D809C2A7BCAF900E797B8 = {
						CreatedOnToolsVersion = 14.3.1;
					};
				};
			};
			buildConfigurationList = EA5D80982A7BCAF900E797B8 /* Build configuration list for PBXProject "MoonShot" */;
			compatibilityVersion = "Xcode 14.0";
			developmentRegion = en;
			hasScannedForEncodings = 0;
			knownRegions = (
				en,
				Base,
			);
			mainGroup = EA5D80942A7BCAF900E797B8;
			productRefGroup = EA5D809E2A7BCAF900E797B8 /* Products */;
			projectDirPath = "";
			projectRoot = "";
			targets = (
				EA5D809C2A7BCAF900E797B8 /* MoonShot */,
			);
		};
/* End PBXProject section */

/* Begin PBXResourcesBuildPhase section */
		EA5D809B2A7BCAF900E797B8 /* Resources */ = {
			isa = PBXResourcesBuildPhase;
			buildActionMask = 2147483647;
			files = (
				EA5D80B02A7BCB1300E797B8 /* astronauts.json in Resources */,
				EA5D80A82A7BCAFA00E797B8 /* Preview Assets.xcassets in Resources */,
				EA5D80B12A7BCB1300E797B8 /* missions.json in Resources */,
				EA5D80A52A7BCAFA00E797B8 /* Assets.xcassets in Resources */,
			);
			runOnlyForDeploymentPostprocessing = 0;
		};
/* End PBXResourcesBuildPhase section */

/* Begin PBXSourcesBuildPhase section */
		EA5D80992A7BCAF900E797B8 /* Sources */ = {
			isa = PBXSourcesBuildPhase;
			buildActionMask = 2147483647;
			files = (
				EA6537C12A7D0F0200ACD99E /* MissionView.swift in Sources */,
				EA5D80B32A7BCB8E00E797B8 /* Astronaut.swift in Sources */,
				EA6537C32A7D16B100ACD99E /* AstronautView.swift in Sources */,
				EA94B2502A86AD0F008DF74E /* GridLayout.swift in Sources */,
				EAA6AD742A7BE1DE00AB53E3 /* Color-Theme.swift in Sources */,
				EA94B24C2A86A895008DF74E /* CrewMember.swift in Sources */,
				EA94B24A2A86A7D8008DF74E /* CrewPics.swift in Sources */,
				EA5D80A32A7BCAF900E797B8 /* ContentView.swift in Sources */,
				EA5D80A12A7BCAF900E797B8 /* MoonShotApp.swift in Sources */,
				EA94B24E2A86ACD2008DF74E /* ListLayout.swift in Sources */,
				EA5D80B72A7BD35800E797B8 /* Mission.swift in Sources */,
				EA5D80B52A7BCC2800E797B8 /* Bundle-Decodable.swift in Sources */,
			);
			runOnlyForDeploymentPostprocessing = 0;
		};
/* End PBXSourcesBuildPhase section */

/* Begin XCBuildConfiguration section */
		EA5D80A92A7BCAFA00E797B8 /* Debug */ = {
			isa = XCBuildConfiguration;
			buildSettings = {
				ALWAYS_SEARCH_USER_PATHS = NO;
				CLANG_ANALYZER_NONNULL = YES;
				CLANG_ANALYZER_NUMBER_OBJECT_CONVERSION = YES_AGGRESSIVE;
				CLANG_CXX_LANGUAGE_STANDARD = "gnu++20";
				CLANG_ENABLE_MODULES = YES;
				CLANG_ENABLE_OBJC_ARC = YES;
				CLANG_ENABLE_OBJC_WEAK = YES;
				CLANG_WARN_BLOCK_CAPTURE_AUTORELEASING = YES;
				CLANG_WARN_BOOL_CONVERSION = YES;
				CLANG_WARN_COMMA = YES;
				CLANG_WARN_CONSTANT_CONVERSION = YES;
				CLANG_WARN_DEPRECATED_OBJC_IMPLEMENTATIONS = YES;
				CLANG_WARN_DIRECT_OBJC_ISA_USAGE = YES_ERROR;
				CLANG_WARN_DOCUMENTATION_COMMENTS = YES;
				CLANG_WARN_EMPTY_BODY = YES;
				CLANG_WARN_ENUM_CONVERSION = YES;
				CLANG_WARN_INFINITE_RECURSION = YES;
				CLANG_WARN_INT_CONVERSION = YES;
				CLANG_WARN_NON_LITERAL_NULL_CONVERSION = YES;
				CLANG_WARN_OBJC_IMPLICIT_RETAIN_SELF = YES;
				CLANG_WARN_OBJC_LITERAL_CONVERSION = YES;
				CLANG_WARN_OBJC_ROOT_CLASS = YES_ERROR;
				CLANG_WARN_QUOTED_INCLUDE_IN_FRAMEWORK_HEADER = YES;
				CLANG_WARN_RANGE_LOOP_ANALYSIS = YES;
				CLANG_WARN_STRICT_PROTOTYPES = YES;
				CLANG_WARN_SUSPICIOUS_MOVE = YES;
				CLANG_WARN_UNGUARDED_AVAILABILITY = YES_AGGRESSIVE;
				CLANG_WARN_UNREACHABLE_CODE = YES;
				CLANG_WARN__DUPLICATE_METHOD_MATCH = YES;
				COPY_PHASE_STRIP = NO;
				DEBUG_INFORMATION_FORMAT = dwarf;
				ENABLE_STRICT_OBJC_MSGSEND = YES;
				ENABLE_TESTABILITY = YES;
				GCC_C_LANGUAGE_STANDARD = gnu11;
				GCC_DYNAMIC_NO_PIC = NO;
				GCC_NO_COMMON_BLOCKS = YES;
				GCC_OPTIMIZATION_LEVEL = 0;
				GCC_PREPROCESSOR_DEFINITIONS = (
					"DEBUG=1",
					"$(inherited)",
				);
				GCC_WARN_64_TO_32_BIT_CONVERSION = YES;
				GCC_WARN_ABOUT_RETURN_TYPE = YES_ERROR;
				GCC_WARN_UNDECLARED_SELECTOR = YES;
				GCC_WARN_UNINITIALIZED_AUTOS = YES_AGGRESSIVE;
				GCC_WARN_UNUSED_FUNCTION = YES;
				GCC_WARN_UNUSED_VARIABLE = YES;
				IPHONEOS_DEPLOYMENT_TARGET = 16.4;
				MTL_ENABLE_DEBUG_INFO = INCLUDE_SOURCE;
				MTL_FAST_MATH = YES;
				ONLY_ACTIVE_ARCH = YES;
				SDKROOT = iphoneos;
				SWIFT_ACTIVE_COMPILATION_CONDITIONS = DEBUG;
				SWIFT_OPTIMIZATION_LEVEL = "-Onone";
			};
			name = Debug;
		};
		EA5D80AA2A7BCAFA00E797B8 /* Release */ = {
			isa = XCBuildConfiguration;
			buildSettings = {
				ALWAYS_SEARCH_USER_PATHS = NO;
				CLANG_ANALYZER_NONNULL = YES;
				CLANG_ANALYZER_NUMBER_OBJECT_CONVERSION = YES_AGGRESSIVE;
				CLANG_CXX_LANGUAGE_STANDARD = "gnu++20";
				CLANG_ENABLE_MODULES = YES;
				CLANG_ENABLE_OBJC_ARC = YES;
				CLANG_ENABLE_OBJC_WEAK = YES;
				CLANG_WARN_BLOCK_CAPTURE_AUTORELEASING = YES;
				CLANG_WARN_BOOL_CONVERSION = YES;
				CLANG_WARN_COMMA = YES;
				CLANG_WARN_CONSTANT_CONVERSION = YES;
				CLANG_WARN_DEPRECATED_OBJC_IMPLEMENTATIONS = YES;
				CLANG_WARN_DIRECT_OBJC_ISA_USAGE = YES_ERROR;
				CLANG_WARN_DOCUMENTATION_COMMENTS = YES;
				CLANG_WARN_EMPTY_BODY = YES;
				CLANG_WARN_ENUM_CONVERSION = YES;
				CLANG_WARN_INFINITE_RECURSION = YES;
				CLANG_WARN_INT_CONVERSION = YES;
				CLANG_WARN_NON_LITERAL_NULL_CONVERSION = YES;
				CLANG_WARN_OBJC_IMPLICIT_RETAIN_SELF = YES;
				CLANG_WARN_OBJC_LITERAL_CONVERSION = YES;
				CLANG_WARN_OBJC_ROOT_CLASS = YES_ERROR;
				CLANG_WARN_QUOTED_INCLUDE_IN_FRAMEWORK_HEADER = YES;
				CLANG_WARN_RANGE_LOOP_ANALYSIS = YES;
				CLANG_WARN_STRICT_PROTOTYPES = YES;
				CLANG_WARN_SUSPICIOUS_MOVE = YES;
				CLANG_WARN_UNGUARDED_AVAILABILITY = YES_AGGRESSIVE;
				CLANG_WARN_UNREACHABLE_CODE = YES;
				CLANG_WARN__DUPLICATE_METHOD_MATCH = YES;
				COPY_PHASE_STRIP = NO;
				DEBUG_INFORMATION_FORMAT = "dwarf-with-dsym";
				ENABLE_NS_ASSERTIONS = NO;
				ENABLE_STRICT_OBJC_MSGSEND = YES;
				GCC_C_LANGUAGE_STANDARD = gnu11;
				GCC_NO_COMMON_BLOCKS = YES;
				GCC_WARN_64_TO_32_BIT_CONVERSION = YES;
				GCC_WARN_ABOUT_RETURN_TYPE = YES_ERROR;
				GCC_WARN_UNDECLARED_SELECTOR = YES;
				GCC_WARN_UNINITIALIZED_AUTOS = YES_AGGRESSIVE;
				GCC_WARN_UNUSED_FUNCTION = YES;
				GCC_WARN_UNUSED_VARIABLE = YES;
				IPHONEOS_DEPLOYMENT_TARGET = 16.4;
				MTL_ENABLE_DEBUG_INFO = NO;
				MTL_FAST_MATH = YES;
				SDKROOT = iphoneos;
				SWIFT_COMPILATION_MODE = wholemodule;
				SWIFT_OPTIMIZATION_LEVEL = "-O";
				VALIDATE_PRODUCT = YES;
			};
			name = Release;
		};
		EA5D80AC2A7BCAFA00E797B8 /* Debug */ = {
			isa = XCBuildConfiguration;
			buildSettings = {
				ASSETCATALOG_COMPILER_APPICON_NAME = AppIcon;
				ASSETCATALOG_COMPILER_GLOBAL_ACCENT_COLOR_NAME = AccentColor;
				CODE_SIGN_STYLE = Automatic;
				CURRENT_PROJECT_VERSION = 1;
				DEVELOPMENT_ASSET_PATHS = "\"MoonShot/Preview Content\"";
				DEVELOPMENT_TEAM = AGM86K5294;
				ENABLE_PREVIEWS = YES;
				GENERATE_INFOPLIST_FILE = YES;
				INFOPLIST_KEY_UIApplicationSceneManifest_Generation = YES;
				INFOPLIST_KEY_UIApplicationSupportsIndirectInputEvents = YES;
				INFOPLIST_KEY_UILaunchScreen_Generation = YES;
				INFOPLIST_KEY_UISupportedInterfaceOrientations_iPad = "UIInterfaceOrientationPortrait UIInterfaceOrientationPortraitUpsideDown UIInterfaceOrientationLandscapeLeft UIInterfaceOrientationLandscapeRight";
				INFOPLIST_KEY_UISupportedInterfaceOrientations_iPhone = "UIInterfaceOrientationPortrait UIInterfaceOrientationLandscapeLeft UIInterfaceOrientationLandscapeRight";
				LD_RUNPATH_SEARCH_PATHS = (
					"$(inherited)",
					"@executable_path/Frameworks",
				);
				MARKETING_VERSION = 1.0;
				PRODUCT_BUNDLE_IDENTIFIER = me.ghunaim.yazan.MoonShot;
				PRODUCT_NAME = "$(TARGET_NAME)";
				SWIFT_EMIT_LOC_STRINGS = YES;
				SWIFT_VERSION = 5.0;
				TARGETED_DEVICE_FAMILY = "1,2";
			};
			name = Debug;
		};
		EA5D80AD2A7BCAFA00E797B8 /* Release */ = {
			isa = XCBuildConfiguration;
			buildSettings = {
				ASSETCATALOG_COMPILER_APPICON_NAME = AppIcon;
				ASSETCATALOG_COMPILER_GLOBAL_ACCENT_COLOR_NAME = AccentColor;
				CODE_SIGN_STYLE = Automatic;
				CURRENT_PROJECT_VERSION = 1;
				DEVELOPMENT_ASSET_PATHS = "\"MoonShot/Preview Content\"";
				DEVELOPMENT_TEAM = AGM86K5294;
				ENABLE_PREVIEWS = YES;
				GENERATE_INFOPLIST_FILE = YES;
				INFOPLIST_KEY_UIApplicationSceneManifest_Generation = YES;
				INFOPLIST_KEY_UIApplicationSupportsIndirectInputEvents = YES;
				INFOPLIST_KEY_UILaunchScreen_Generation = YES;
				INFOPLIST_KEY_UISupportedInterfaceOrientations_iPad = "UIInterfaceOrientationPortrait UIInterfaceOrientationPortraitUpsideDown UIInterfaceOrientationLandscapeLeft UIInterfaceOrientationLandscapeRight";
				INFOPLIST_KEY_UISupportedInterfaceOrientations_iPhone = "UIInterfaceOrientationPortrait UIInterfaceOrientationLandscapeLeft UIInterfaceOrientationLandscapeRight";
				LD_RUNPATH_SEARCH_PATHS = (
					"$(inherited)",
					"@executable_path/Frameworks",
				);
				MARKETING_VERSION = 1.0;
				PRODUCT_BUNDLE_IDENTIFIER = me.ghunaim.yazan.MoonShot;
				PRODUCT_NAME = "$(TARGET_NAME)";
				SWIFT_EMIT_LOC_STRINGS = YES;
				SWIFT_VERSION = 5.0;
				TARGETED_DEVICE_FAMILY = "1,2";
			};
			name = Release;
		};
/* End XCBuildConfiguration section */

/* Begin XCConfigurationList section */
		EA5D80982A7BCAF900E797B8 /* Build configuration list for PBXProject "MoonShot" */ = {
			isa = XCConfigurationList;
			buildConfigurations = (
				EA5D80A92A7BCAFA00E797B8 /* Debug */,
				EA5D80AA2A7BCAFA00E797B8 /* Release */,
			);
			defaultConfigurationIsVisible = 0;
			defaultConfigurationName = Release;
		};
		EA5D80AB2A7BCAFA00E797B8 /* Build configuration list for PBXNativeTarget "MoonShot" */ = {
			isa = XCConfigurationList;
			buildConfigurations = (
				EA5D80AC2A7BCAFA00E797B8 /* Debug */,
				EA5D80AD2A7BCAFA00E797B8 /* Release */,
			);
			defaultConfigurationIsVisible = 0;
			defaultConfigurationName = Release;
		};
/* End XCConfigurationList section */
	};
	rootObject = EA5D80952A7BCAF900E797B8 /* Project object */;
}
