// !$*UTF8*$!
{
	archiveVersion = 1;
	classes = {
	};
	objectVersion = 56;
	objects = {

/* Begin PBXBuildFile section */
		EA7917092AA7567E00924E1B /* NewsApp.swift in Sources */ = {isa = PBXBuildFile; fileRef = EA7917082AA7567E00924E1B /* NewsApp.swift */; };
		EA79170B2AA7567E00924E1B /* ContentView.swift in Sources */ = {isa = PBXBuildFile; fileRef = EA79170A2AA7567E00924E1B /* ContentView.swift */; };
		EA79170D2AA7567F00924E1B /* Assets.xcassets in Resources */ = {isa = PBXBuildFile; fileRef = EA79170C2AA7567F00924E1B /* Assets.xcassets */; };
		EA7917102AA7567F00924E1B /* Preview Assets.xcassets in Resources */ = {isa = PBXBuildFile; fileRef = EA79170F2AA7567F00924E1B /* Preview Assets.xcassets */; };
		EA79171F2AA7696100924E1B /* TopHeadlinesView.swift in Sources */ = {isa = PBXBuildFile; fileRef = EA79171E2AA7696100924E1B /* TopHeadlinesView.swift */; };
		EA7917232AA76D1100924E1B /* NewsEventCell.swift in Sources */ = {isa = PBXBuildFile; fileRef = EA7917222AA76D1100924E1B /* NewsEventCell.swift */; };
		EA7917252AA7715C00924E1B /* NewsModel.swift in Sources */ = {isa = PBXBuildFile; fileRef = EA7917242AA7715C00924E1B /* NewsModel.swift */; };
		EA79172B2AA7799900924E1B /* TabBarView.swift in Sources */ = {isa = PBXBuildFile; fileRef = EA79172A2AA7799900924E1B /* TabBarView.swift */; };
		EA79172E2AA782BC00924E1B /* Kingfisher in Frameworks */ = {isa = PBXBuildFile; productRef = EA79172D2AA782BC00924E1B /* Kingfisher */; };
		EA7917332AA8591900924E1B /* NewsDetailsView.swift in Sources */ = {isa = PBXBuildFile; fileRef = EA7917322AA8591900924E1B /* NewsDetailsView.swift */; };
		EA79173B2AA864FB00924E1B /* SavedArticlesView.swift in Sources */ = {isa = PBXBuildFile; fileRef = EA79173A2AA864FB00924E1B /* SavedArticlesView.swift */; };
		EA7917472AA87BF500924E1B /* SavedArticles.swift in Sources */ = {isa = PBXBuildFile; fileRef = EA7917462AA87BF500924E1B /* SavedArticles.swift */; };
		EA7917492AA888DB00924E1B /* articleService.swift in Sources */ = {isa = PBXBuildFile; fileRef = EA7917482AA888DB00924E1B /* articleService.swift */; };
		EA79174C2AA88BD400924E1B /* Bundle-Decodable.swift in Sources */ = {isa = PBXBuildFile; fileRef = EA79174B2AA88BD400924E1B /* Bundle-Decodable.swift */; };
/* End PBXBuildFile section */

/* Begin PBXFileReference section */
		EA7917052AA7567E00924E1B /* News.app */ = {isa = PBXFileReference; explicitFileType = wrapper.application; includeInIndex = 0; path = News.app; sourceTree = BUILT_PRODUCTS_DIR; };
		EA7917082AA7567E00924E1B /* NewsApp.swift */ = {isa = PBXFileReference; lastKnownFileType = sourcecode.swift; path = NewsApp.swift; sourceTree = "<group>"; };
		EA79170A2AA7567E00924E1B /* ContentView.swift */ = {isa = PBXFileReference; lastKnownFileType = sourcecode.swift; path = ContentView.swift; sourceTree = "<group>"; };
		EA79170C2AA7567F00924E1B /* Assets.xcassets */ = {isa = PBXFileReference; lastKnownFileType = folder.assetcatalog; path = Assets.xcassets; sourceTree = "<group>"; };
		EA79170F2AA7567F00924E1B /* Preview Assets.xcassets */ = {isa = PBXFileReference; lastKnownFileType = folder.assetcatalog; path = "Preview Assets.xcassets"; sourceTree = "<group>"; };
		EA79171E2AA7696100924E1B /* TopHeadlinesView.swift */ = {isa = PBXFileReference; lastKnownFileType = sourcecode.swift; path = TopHeadlinesView.swift; sourceTree = "<group>"; };
		EA7917222AA76D1100924E1B /* NewsEventCell.swift */ = {isa = PBXFileReference; lastKnownFileType = sourcecode.swift; path = NewsEventCell.swift; sourceTree = "<group>"; };
		EA7917242AA7715C00924E1B /* NewsModel.swift */ = {isa = PBXFileReference; lastKnownFileType = sourcecode.swift; path = NewsModel.swift; sourceTree = "<group>"; };
		EA79172A2AA7799900924E1B /* TabBarView.swift */ = {isa = PBXFileReference; lastKnownFileType = sourcecode.swift; path = TabBarView.swift; sourceTree = "<group>"; };
		EA7917322AA8591900924E1B /* NewsDetailsView.swift */ = {isa = PBXFileReference; lastKnownFileType = sourcecode.swift; path = NewsDetailsView.swift; sourceTree = "<group>"; };
		EA79173A2AA864FB00924E1B /* SavedArticlesView.swift */ = {isa = PBXFileReference; lastKnownFileType = sourcecode.swift; path = SavedArticlesView.swift; sourceTree = "<group>"; };
		EA7917462AA87BF500924E1B /* SavedArticles.swift */ = {isa = PBXFileReference; lastKnownFileType = sourcecode.swift; path = SavedArticles.swift; sourceTree = "<group>"; };
		EA7917482AA888DB00924E1B /* articleService.swift */ = {isa = PBXFileReference; lastKnownFileType = sourcecode.swift; path = articleService.swift; sourceTree = "<group>"; };
		EA79174B2AA88BD400924E1B /* Bundle-Decodable.swift */ = {isa = PBXFileReference; lastKnownFileType = sourcecode.swift; path = "Bundle-Decodable.swift"; sourceTree = "<group>"; };
/* End PBXFileReference section */

/* Begin PBXFrameworksBuildPhase section */
		EA7917022AA7567E00924E1B /* Frameworks */ = {
			isa = PBXFrameworksBuildPhase;
			buildActionMask = 2147483647;
			files = (
				EA79172E2AA782BC00924E1B /* Kingfisher in Frameworks */,
			);
			runOnlyForDeploymentPostprocessing = 0;
		};
/* End PBXFrameworksBuildPhase section */

/* Begin PBXGroup section */
		EA7916FC2AA7567E00924E1B = {
			isa = PBXGroup;
			children = (
				EA7917072AA7567E00924E1B /* News */,
				EA7917062AA7567E00924E1B /* Products */,
			);
			sourceTree = "<group>";
		};
		EA7917062AA7567E00924E1B /* Products */ = {
			isa = PBXGroup;
			children = (
				EA7917052AA7567E00924E1B /* News.app */,
			);
			name = Products;
			sourceTree = "<group>";
		};
		EA7917072AA7567E00924E1B /* News */ = {
			isa = PBXGroup;
			children = (
				EA79171C2AA7690C00924E1B /* App */,
				EA7917172AA7685900924E1B /* Core */,
				EA7917162AA7685500924E1B /* Models */,
				EA7917342AA8618400924E1B /* Services */,
				EA79174A2AA88BB900924E1B /* Utils */,
				EA79170C2AA7567F00924E1B /* Assets.xcassets */,
				EA79170E2AA7567F00924E1B /* Preview Content */,
			);
			path = News;
			sourceTree = "<group>";
		};
		EA79170E2AA7567F00924E1B /* Preview Content */ = {
			isa = PBXGroup;
			children = (
				EA79170F2AA7567F00924E1B /* Preview Assets.xcassets */,
			);
			path = "Preview Content";
			sourceTree = "<group>";
		};
		EA7917162AA7685500924E1B /* Models */ = {
			isa = PBXGroup;
			children = (
				EA7917242AA7715C00924E1B /* NewsModel.swift */,
			);
			path = Models;
			sourceTree = "<group>";
		};
		EA7917172AA7685900924E1B /* Core */ = {
			isa = PBXGroup;
			children = (
				EA79171B2AA768E700924E1B /* Components */,
				EA79172F2AA8590100924E1B /* NewsDetails */,
				EA79171D2AA7691600924E1B /* Root */,
				EA7917372AA864C800924E1B /* SavedArticles */,
				EA7917292AA7797D00924E1B /* TabBar */,
				EA7917182AA768C100924E1B /* TopHeadlines */,
			);
			path = Core;
			sourceTree = "<group>";
		};
		EA7917182AA768C100924E1B /* TopHeadlines */ = {
			isa = PBXGroup;
			children = (
				EA7917192AA768D400924E1B /* Views */,
			);
			path = TopHeadlines;
			sourceTree = "<group>";
		};
		EA7917192AA768D400924E1B /* Views */ = {
			isa = PBXGroup;
			children = (
				EA79171E2AA7696100924E1B /* TopHeadlinesView.swift */,
			);
			path = Views;
			sourceTree = "<group>";
		};
		EA79171B2AA768E700924E1B /* Components */ = {
			isa = PBXGroup;
			children = (
				EA7917222AA76D1100924E1B /* NewsEventCell.swift */,
			);
			path = Components;
			sourceTree = "<group>";
		};
		EA79171C2AA7690C00924E1B /* App */ = {
			isa = PBXGroup;
			children = (
				EA7917082AA7567E00924E1B /* NewsApp.swift */,
				EA7917462AA87BF500924E1B /* SavedArticles.swift */,
			);
			path = App;
			sourceTree = "<group>";
		};
		EA79171D2AA7691600924E1B /* Root */ = {
			isa = PBXGroup;
			children = (
				EA7917402AA8784F00924E1B /* Views */,
			);
			path = Root;
			sourceTree = "<group>";
		};
		EA7917292AA7797D00924E1B /* TabBar */ = {
			isa = PBXGroup;
			children = (
				EA79172A2AA7799900924E1B /* TabBarView.swift */,
			);
			path = TabBar;
			sourceTree = "<group>";
		};
		EA79172F2AA8590100924E1B /* NewsDetails */ = {
			isa = PBXGroup;
			children = (
				EA7917302AA8590B00924E1B /* Views */,
			);
			path = NewsDetails;
			sourceTree = "<group>";
		};
		EA7917302AA8590B00924E1B /* Views */ = {
			isa = PBXGroup;
			children = (
				EA7917322AA8591900924E1B /* NewsDetailsView.swift */,
			);
			path = Views;
			sourceTree = "<group>";
		};
		EA7917342AA8618400924E1B /* Services */ = {
			isa = PBXGroup;
			children = (
				EA7917482AA888DB00924E1B /* articleService.swift */,
			);
			path = Services;
			sourceTree = "<group>";
		};
		EA7917372AA864C800924E1B /* SavedArticles */ = {
			isa = PBXGroup;
			children = (
				EA7917382AA864D400924E1B /* Views */,
			);
			path = SavedArticles;
			sourceTree = "<group>";
		};
		EA7917382AA864D400924E1B /* Views */ = {
			isa = PBXGroup;
			children = (
				EA79173A2AA864FB00924E1B /* SavedArticlesView.swift */,
			);
			path = Views;
			sourceTree = "<group>";
		};
		EA7917402AA8784F00924E1B /* Views */ = {
			isa = PBXGroup;
			children = (
				EA79170A2AA7567E00924E1B /* ContentView.swift */,
			);
			path = Views;
			sourceTree = "<group>";
		};
		EA79174A2AA88BB900924E1B /* Utils */ = {
			isa = PBXGroup;
			children = (
				EA79174B2AA88BD400924E1B /* Bundle-Decodable.swift */,
			);
			path = Utils;
			sourceTree = "<group>";
		};
/* End PBXGroup section */

/* Begin PBXNativeTarget section */
		EA7917042AA7567E00924E1B /* News */ = {
			isa = PBXNativeTarget;
			buildConfigurationList = EA7917132AA7567F00924E1B /* Build configuration list for PBXNativeTarget "News" */;
			buildPhases = (
				EA7917012AA7567E00924E1B /* Sources */,
				EA7917022AA7567E00924E1B /* Frameworks */,
				EA7917032AA7567E00924E1B /* Resources */,
			);
			buildRules = (
			);
			dependencies = (
			);
			name = News;
			packageProductDependencies = (
				EA79172D2AA782BC00924E1B /* Kingfisher */,
			);
			productName = News;
			productReference = EA7917052AA7567E00924E1B /* News.app */;
			productType = "com.apple.product-type.application";
		};
/* End PBXNativeTarget section */

/* Begin PBXProject section */
		EA7916FD2AA7567E00924E1B /* Project object */ = {
			isa = PBXProject;
			attributes = {
				BuildIndependentTargetsInParallel = 1;
				LastSwiftUpdateCheck = 1430;
				LastUpgradeCheck = 1430;
				TargetAttributes = {
					EA7917042AA7567E00924E1B = {
						CreatedOnToolsVersion = 14.3.1;
					};
				};
			};
			buildConfigurationList = EA7917002AA7567E00924E1B /* Build configuration list for PBXProject "News" */;
			compatibilityVersion = "Xcode 14.0";
			developmentRegion = en;
			hasScannedForEncodings = 0;
			knownRegions = (
				en,
				Base,
			);
			mainGroup = EA7916FC2AA7567E00924E1B;
			packageReferences = (
				EA79172C2AA782BB00924E1B /* XCRemoteSwiftPackageReference "Kingfisher" */,
			);
			productRefGroup = EA7917062AA7567E00924E1B /* Products */;
			projectDirPath = "";
			projectRoot = "";
			targets = (
				EA7917042AA7567E00924E1B /* News */,
			);
		};
/* End PBXProject section */

/* Begin PBXResourcesBuildPhase section */
		EA7917032AA7567E00924E1B /* Resources */ = {
			isa = PBXResourcesBuildPhase;
			buildActionMask = 2147483647;
			files = (
				EA7917102AA7567F00924E1B /* Preview Assets.xcassets in Resources */,
				EA79170D2AA7567F00924E1B /* Assets.xcassets in Resources */,
			);
			runOnlyForDeploymentPostprocessing = 0;
		};
/* End PBXResourcesBuildPhase section */

/* Begin PBXSourcesBuildPhase section */
		EA7917012AA7567E00924E1B /* Sources */ = {
			isa = PBXSourcesBuildPhase;
			buildActionMask = 2147483647;
			files = (
				EA79170B2AA7567E00924E1B /* ContentView.swift in Sources */,
				EA79172B2AA7799900924E1B /* TabBarView.swift in Sources */,
				EA7917492AA888DB00924E1B /* articleService.swift in Sources */,
				EA7917232AA76D1100924E1B /* NewsEventCell.swift in Sources */,
				EA79171F2AA7696100924E1B /* TopHeadlinesView.swift in Sources */,
				EA79173B2AA864FB00924E1B /* SavedArticlesView.swift in Sources */,
				EA7917472AA87BF500924E1B /* SavedArticles.swift in Sources */,
				EA7917092AA7567E00924E1B /* NewsApp.swift in Sources */,
				EA7917332AA8591900924E1B /* NewsDetailsView.swift in Sources */,
				EA7917252AA7715C00924E1B /* NewsModel.swift in Sources */,
				EA79174C2AA88BD400924E1B /* Bundle-Decodable.swift in Sources */,
			);
			runOnlyForDeploymentPostprocessing = 0;
		};
/* End PBXSourcesBuildPhase section */

/* Begin XCBuildConfiguration section */
		EA7917112AA7567F00924E1B /* Debug */ = {
			isa = XCBuildConfiguration;
			buildSettings = {
				ALWAYS_SEARCH_USER_PATHS = NO;
				CLANG_ANALYZER_NONNULL = YES;
				CLANG_ANALYZER_NUMBER_OBJECT_CONVERSION = YES_AGGRESSIVE;
				CLANG_CXX_LANGUAGE_STANDARD = "gnu++20";
				CLANG_ENABLE_MODULES = YES;
				CLANG_ENABLE_OBJC_ARC = YES;
				CLANG_ENABLE_OBJC_WEAK = YES;
				CLANG_WARN_BLOCK_CAPTURE_AUTORELEASING = YES;
				CLANG_WARN_BOOL_CONVERSION = YES;
				CLANG_WARN_COMMA = YES;
				CLANG_WARN_CONSTANT_CONVERSION = YES;
				CLANG_WARN_DEPRECATED_OBJC_IMPLEMENTATIONS = YES;
				CLANG_WARN_DIRECT_OBJC_ISA_USAGE = YES_ERROR;
				CLANG_WARN_DOCUMENTATION_COMMENTS = YES;
				CLANG_WARN_EMPTY_BODY = YES;
				CLANG_WARN_ENUM_CONVERSION = YES;
				CLANG_WARN_INFINITE_RECURSION = YES;
				CLANG_WARN_INT_CONVERSION = YES;
				CLANG_WARN_NON_LITERAL_NULL_CONVERSION = YES;
				CLANG_WARN_OBJC_IMPLICIT_RETAIN_SELF = YES;
				CLANG_WARN_OBJC_LITERAL_CONVERSION = YES;
				CLANG_WARN_OBJC_ROOT_CLASS = YES_ERROR;
				CLANG_WARN_QUOTED_INCLUDE_IN_FRAMEWORK_HEADER = YES;
				CLANG_WARN_RANGE_LOOP_ANALYSIS = YES;
				CLANG_WARN_STRICT_PROTOTYPES = YES;
				CLANG_WARN_SUSPICIOUS_MOVE = YES;
				CLANG_WARN_UNGUARDED_AVAILABILITY = YES_AGGRESSIVE;
				CLANG_WARN_UNREACHABLE_CODE = YES;
				CLANG_WARN__DUPLICATE_METHOD_MATCH = YES;
				COPY_PHASE_STRIP = NO;
				DEBUG_INFORMATION_FORMAT = dwarf;
				ENABLE_STRICT_OBJC_MSGSEND = YES;
				ENABLE_TESTABILITY = YES;
				GCC_C_LANGUAGE_STANDARD = gnu11;
				GCC_DYNAMIC_NO_PIC = NO;
				GCC_NO_COMMON_BLOCKS = YES;
				GCC_OPTIMIZATION_LEVEL = 0;
				GCC_PREPROCESSOR_DEFINITIONS = (
					"DEBUG=1",
					"$(inherited)",
				);
				GCC_WARN_64_TO_32_BIT_CONVERSION = YES;
				GCC_WARN_ABOUT_RETURN_TYPE = YES_ERROR;
				GCC_WARN_UNDECLARED_SELECTOR = YES;
				GCC_WARN_UNINITIALIZED_AUTOS = YES_AGGRESSIVE;
				GCC_WARN_UNUSED_FUNCTION = YES;
				GCC_WARN_UNUSED_VARIABLE = YES;
				IPHONEOS_DEPLOYMENT_TARGET = 16.4;
				MTL_ENABLE_DEBUG_INFO = INCLUDE_SOURCE;
				MTL_FAST_MATH = YES;
				ONLY_ACTIVE_ARCH = YES;
				SDKROOT = iphoneos;
				SWIFT_ACTIVE_COMPILATION_CONDITIONS = DEBUG;
				SWIFT_OPTIMIZATION_LEVEL = "-Onone";
			};
			name = Debug;
		};
		EA7917122AA7567F00924E1B /* Release */ = {
			isa = XCBuildConfiguration;
			buildSettings = {
				ALWAYS_SEARCH_USER_PATHS = NO;
				CLANG_ANALYZER_NONNULL = YES;
				CLANG_ANALYZER_NUMBER_OBJECT_CONVERSION = YES_AGGRESSIVE;
				CLANG_CXX_LANGUAGE_STANDARD = "gnu++20";
				CLANG_ENABLE_MODULES = YES;
				CLANG_ENABLE_OBJC_ARC = YES;
				CLANG_ENABLE_OBJC_WEAK = YES;
				CLANG_WARN_BLOCK_CAPTURE_AUTORELEASING = YES;
				CLANG_WARN_BOOL_CONVERSION = YES;
				CLANG_WARN_COMMA = YES;
				CLANG_WARN_CONSTANT_CONVERSION = YES;
				CLANG_WARN_DEPRECATED_OBJC_IMPLEMENTATIONS = YES;
				CLANG_WARN_DIRECT_OBJC_ISA_USAGE = YES_ERROR;
				CLANG_WARN_DOCUMENTATION_COMMENTS = YES;
				CLANG_WARN_EMPTY_BODY = YES;
				CLANG_WARN_ENUM_CONVERSION = YES;
				CLANG_WARN_INFINITE_RECURSION = YES;
				CLANG_WARN_INT_CONVERSION = YES;
				CLANG_WARN_NON_LITERAL_NULL_CONVERSION = YES;
				CLANG_WARN_OBJC_IMPLICIT_RETAIN_SELF = YES;
				CLANG_WARN_OBJC_LITERAL_CONVERSION = YES;
				CLANG_WARN_OBJC_ROOT_CLASS = YES_ERROR;
				CLANG_WARN_QUOTED_INCLUDE_IN_FRAMEWORK_HEADER = YES;
				CLANG_WARN_RANGE_LOOP_ANALYSIS = YES;
				CLANG_WARN_STRICT_PROTOTYPES = YES;
				CLANG_WARN_SUSPICIOUS_MOVE = YES;
				CLANG_WARN_UNGUARDED_AVAILABILITY = YES_AGGRESSIVE;
				CLANG_WARN_UNREACHABLE_CODE = YES;
				CLANG_WARN__DUPLICATE_METHOD_MATCH = YES;
				COPY_PHASE_STRIP = NO;
				DEBUG_INFORMATION_FORMAT = "dwarf-with-dsym";
				ENABLE_NS_ASSERTIONS = NO;
				ENABLE_STRICT_OBJC_MSGSEND = YES;
				GCC_C_LANGUAGE_STANDARD = gnu11;
				GCC_NO_COMMON_BLOCKS = YES;
				GCC_WARN_64_TO_32_BIT_CONVERSION = YES;
				GCC_WARN_ABOUT_RETURN_TYPE = YES_ERROR;
				GCC_WARN_UNDECLARED_SELECTOR = YES;
				GCC_WARN_UNINITIALIZED_AUTOS = YES_AGGRESSIVE;
				GCC_WARN_UNUSED_FUNCTION = YES;
				GCC_WARN_UNUSED_VARIABLE = YES;
				IPHONEOS_DEPLOYMENT_TARGET = 16.4;
				MTL_ENABLE_DEBUG_INFO = NO;
				MTL_FAST_MATH = YES;
				SDKROOT = iphoneos;
				SWIFT_COMPILATION_MODE = wholemodule;
				SWIFT_OPTIMIZATION_LEVEL = "-O";
				VALIDATE_PRODUCT = YES;
			};
			name = Release;
		};
		EA7917142AA7567F00924E1B /* Debug */ = {
			isa = XCBuildConfiguration;
			buildSettings = {
				ASSETCATALOG_COMPILER_APPICON_NAME = AppIcon;
				ASSETCATALOG_COMPILER_GLOBAL_ACCENT_COLOR_NAME = AccentColor;
				CODE_SIGN_STYLE = Automatic;
				CURRENT_PROJECT_VERSION = 1;
				DEVELOPMENT_ASSET_PATHS = "\"News/Preview Content\"";
				DEVELOPMENT_TEAM = AGM86K5294;
				ENABLE_PREVIEWS = YES;
				GENERATE_INFOPLIST_FILE = YES;
				INFOPLIST_KEY_UIApplicationSceneManifest_Generation = YES;
				INFOPLIST_KEY_UIApplicationSupportsIndirectInputEvents = YES;
				INFOPLIST_KEY_UILaunchScreen_Generation = YES;
				INFOPLIST_KEY_UISupportedInterfaceOrientations_iPad = "UIInterfaceOrientationPortrait UIInterfaceOrientationPortraitUpsideDown UIInterfaceOrientationLandscapeLeft UIInterfaceOrientationLandscapeRight";
				INFOPLIST_KEY_UISupportedInterfaceOrientations_iPhone = "UIInterfaceOrientationPortrait UIInterfaceOrientationLandscapeLeft UIInterfaceOrientationLandscapeRight";
				LD_RUNPATH_SEARCH_PATHS = (
					"$(inherited)",
					"@executable_path/Frameworks",
				);
				MARKETING_VERSION = 1.0;
				PRODUCT_BUNDLE_IDENTIFIER = me.ghunaim.yazan.News;
				PRODUCT_NAME = "$(TARGET_NAME)";
				SWIFT_EMIT_LOC_STRINGS = YES;
				SWIFT_VERSION = 5.0;
				TARGETED_DEVICE_FAMILY = "1,2";
			};
			name = Debug;
		};
		EA7917152AA7567F00924E1B /* Release */ = {
			isa = XCBuildConfiguration;
			buildSettings = {
				ASSETCATALOG_COMPILER_APPICON_NAME = AppIcon;
				ASSETCATALOG_COMPILER_GLOBAL_ACCENT_COLOR_NAME = AccentColor;
				CODE_SIGN_STYLE = Automatic;
				CURRENT_PROJECT_VERSION = 1;
				DEVELOPMENT_ASSET_PATHS = "\"News/Preview Content\"";
				DEVELOPMENT_TEAM = AGM86K5294;
				ENABLE_PREVIEWS = YES;
				GENERATE_INFOPLIST_FILE = YES;
				INFOPLIST_KEY_UIApplicationSceneManifest_Generation = YES;
				INFOPLIST_KEY_UIApplicationSupportsIndirectInputEvents = YES;
				INFOPLIST_KEY_UILaunchScreen_Generation = YES;
				INFOPLIST_KEY_UISupportedInterfaceOrientations_iPad = "UIInterfaceOrientationPortrait UIInterfaceOrientationPortraitUpsideDown UIInterfaceOrientationLandscapeLeft UIInterfaceOrientationLandscapeRight";
				INFOPLIST_KEY_UISupportedInterfaceOrientations_iPhone = "UIInterfaceOrientationPortrait UIInterfaceOrientationLandscapeLeft UIInterfaceOrientationLandscapeRight";
				LD_RUNPATH_SEARCH_PATHS = (
					"$(inherited)",
					"@executable_path/Frameworks",
				);
				MARKETING_VERSION = 1.0;
				PRODUCT_BUNDLE_IDENTIFIER = me.ghunaim.yazan.News;
				PRODUCT_NAME = "$(TARGET_NAME)";
				SWIFT_EMIT_LOC_STRINGS = YES;
				SWIFT_VERSION = 5.0;
				TARGETED_DEVICE_FAMILY = "1,2";
			};
			name = Release;
		};
/* End XCBuildConfiguration section */

/* Begin XCConfigurationList section */
		EA7917002AA7567E00924E1B /* Build configuration list for PBXProject "News" */ = {
			isa = XCConfigurationList;
			buildConfigurations = (
				EA7917112AA7567F00924E1B /* Debug */,
				EA7917122AA7567F00924E1B /* Release */,
			);
			defaultConfigurationIsVisible = 0;
			defaultConfigurationName = Release;
		};
		EA7917132AA7567F00924E1B /* Build configuration list for PBXNativeTarget "News" */ = {
			isa = XCConfigurationList;
			buildConfigurations = (
				EA7917142AA7567F00924E1B /* Debug */,
				EA7917152AA7567F00924E1B /* Release */,
			);
			defaultConfigurationIsVisible = 0;
			defaultConfigurationName = Release;
		};
/* End XCConfigurationList section */

/* Begin XCRemoteSwiftPackageReference section */
		EA79172C2AA782BB00924E1B /* XCRemoteSwiftPackageReference "Kingfisher" */ = {
			isa = XCRemoteSwiftPackageReference;
			repositoryURL = "https://github.com/onevcat/Kingfisher.git";
			requirement = {
				kind = upToNextMajorVersion;
				minimumVersion = 7.0.0;
			};
		};
/* End XCRemoteSwiftPackageReference section */

/* Begin XCSwiftPackageProductDependency section */
		EA79172D2AA782BC00924E1B /* Kingfisher */ = {
			isa = XCSwiftPackageProductDependency;
			package = EA79172C2AA782BB00924E1B /* XCRemoteSwiftPackageReference "Kingfisher" */;
			productName = Kingfisher;
		};
/* End XCSwiftPackageProductDependency section */
	};
	rootObject = EA7916FD2AA7567E00924E1B /* Project object */;
}
